
Microsoft Visual Studio Solution File, Format Version 12.00
# Visual Studio Version 16
VisualStudioVersion = 16.0.30114.105
MinimumVisualStudioVersion = 10.0.40219.1
Project("{FAE04EC0-301F-11D3-BF4B-00C04F79EFBC}") = "Problem", "Problem\Problem.csproj", "{EE464A14-C009-4472-8365-0A39B9C64760}"
EndProject
Project("{FAE04EC0-301F-11D3-BF4B-00C04F79EFBC}") = "Problem2", "problem2\Problem2.csproj", "{30B3E045-E78D-4F36-BD43-58D4CC6EEAC7}"
EndProject
Global
	GlobalSection(SolutionConfigurationPlatforms) = preSolution
		Debug|Any CPU = Debug|Any CPU
		Debug|x64 = Debug|x64
		Debug|x86 = Debug|x86
		Release|Any CPU = Release|Any CPU
		Release|x64 = Release|x64
		Release|x86 = Release|x86
	EndGlobalSection
	GlobalSection(SolutionProperties) = preSolution
		HideSolutionNode = FALSE
	EndGlobalSection
	GlobalSection(ProjectConfigurationPlatforms) = postSolution
		{EE464A14-C009-4472-8365-0A39B9C64760}.Debug|Any CPU.ActiveCfg = Debug|Any CPU
		{EE464A14-C009-4472-8365-0A39B9C64760}.Debug|Any CPU.Build.0 = Debug|Any CPU
		{EE464A14-C009-4472-8365-0A39B9C64760}.Debug|x64.ActiveCfg = Debug|Any CPU
		{EE464A14-C009-4472-8365-0A39B9C64760}.Debug|x64.Build.0 = Debug|Any CPU
		{EE464A14-C009-4472-8365-0A39B9C64760}.Debug|x86.ActiveCfg = Debug|Any CPU
		{EE464A14-C009-4472-8365-0A39B9C64760}.Debug|x86.Build.0 = Debug|Any CPU
		{EE464A14-C009-4472-8365-0A39B9C64760}.Release|Any CPU.ActiveCfg = Release|Any CPU
		{EE464A14-C009-4472-8365-0A39B9C64760}.Release|Any CPU.Build.0 = Release|Any CPU
		{EE464A14-C009-4472-8365-0A39B9C64760}.Release|x64.ActiveCfg = Release|Any CPU
		{EE464A14-C009-4472-8365-0A39B9C64760}.Release|x64.Build.0 = Release|Any CPU
		{EE464A14-C009-4472-8365-0A39B9C64760}.Release|x86.ActiveCfg = Release|Any CPU
		{EE464A14-C009-4472-8365-0A39B9C64760}.Release|x86.Build.0 = Release|Any CPU
		{30B3E045-E78D-4F36-BD43-58D4CC6EEAC7}.Debug|Any CPU.ActiveCfg = Debug|Any CPU
		{30B3E045-E78D-4F36-BD43-58D4CC6EEAC7}.Debug|Any CPU.Build.0 = Debug|Any CPU
		{30B3E045-E78D-4F36-BD43-58D4CC6EEAC7}.Debug|x64.ActiveCfg = Debug|Any CPU
		{30B3E045-E78D-4F36-BD43-58D4CC6EEAC7}.Debug|x64.Build.0 = Debug|Any CPU
		{30B3E045-E78D-4F36-BD43-58D4CC6EEAC7}.Debug|x86.ActiveCfg = Debug|Any CPU
		{30B3E045-E78D-4F36-BD43-58D4CC6EEAC7}.Debug|x86.Build.0 = Debug|Any CPU
		{30B3E045-E78D-4F36-BD43-58D4CC6EEAC7}.Release|Any CPU.ActiveCfg = Release|Any CPU
		{30B3E045-E78D-4F36-BD43-58D4CC6EEAC7}.Release|Any CPU.Build.0 = Release|Any CPU
		{30B3E045-E78D-4F36-BD43-58D4CC6EEAC7}.Release|x64.ActiveCfg = Release|Any CPU
		{30B3E045-E78D-4F36-BD43-58D4CC6EEAC7}.Release|x64.Build.0 = Release|Any CPU
		{30B3E045-E78D-4F36-BD43-58D4CC6EEAC7}.Release|x86.ActiveCfg = Release|Any CPU
		{30B3E045-E78D-4F36-BD43-58D4CC6EEAC7}.Release|x86.Build.0 = Release|Any CPU
	EndGlobalSection
EndGlobal
